// !$*UTF8*$!
{
	archiveVersion = 1;
	classes = {
	};
	objectVersion = 46;
	objects = {

/* Begin PBXBuildFile section */
		B30C4D261D6211CA00115704 /* Assets.xcassets in Resources */ = {isa = PBXBuildFile; fileRef = B30C4D251D6211CA00115704 /* Assets.xcassets */; };
		B30C4D2D1D6211CA00115704 /* MessagesExtension.appex in Embed App Extensions */ = {isa = PBXBuildFile; fileRef = B30C4D2C1D6211CA00115704 /* MessagesExtension.appex */; settings = {ATTRIBUTES = (RemoveHeadersOnCopy, ); }; };
		B30C4D321D6211CA00115704 /* Messages.framework in Frameworks */ = {isa = PBXBuildFile; fileRef = B30C4D311D6211CA00115704 /* Messages.framework */; };
		B30C4D351D6211CA00115704 /* MessagesViewController.swift in Sources */ = {isa = PBXBuildFile; fileRef = B30C4D341D6211CA00115704 /* MessagesViewController.swift */; };
		B30C4D381D6211CA00115704 /* MainInterface.storyboard in Resources */ = {isa = PBXBuildFile; fileRef = B30C4D361D6211CA00115704 /* MainInterface.storyboard */; };
		B30C4D3A1D6211CA00115704 /* Assets.xcassets in Resources */ = {isa = PBXBuildFile; fileRef = B30C4D391D6211CA00115704 /* Assets.xcassets */; };
/* End PBXBuildFile section */

/* Begin PBXContainerItemProxy section */
		B30C4D2E1D6211CA00115704 /* PBXContainerItemProxy */ = {
			isa = PBXContainerItemProxy;
			containerPortal = B30C4D1C1D6211CA00115704 /* Project object */;
			proxyType = 1;
			remoteGlobalIDString = B30C4D2B1D6211CA00115704;
			remoteInfo = MessagesExtension;
		};
/* End PBXContainerItemProxy section */

/* Begin PBXCopyFilesBuildPhase section */
		B30C4D411D6211CA00115704 /* Embed App Extensions */ = {
			isa = PBXCopyFilesBuildPhase;
			buildActionMask = 2147483647;
			dstPath = "";
			dstSubfolderSpec = 13;
			files = (
				B30C4D2D1D6211CA00115704 /* MessagesExtension.appex in Embed App Extensions */,
			);
			name = "Embed App Extensions";
			runOnlyForDeploymentPostprocessing = 0;
		};
/* End PBXCopyFilesBuildPhase section */

/* Begin PBXFileReference section */
		B30C4D221D6211CA00115704 /* iOS10Message.app */ = {isa = PBXFileReference; explicitFileType = wrapper.application; includeInIndex = 0; path = iOS10Message.app; sourceTree = BUILT_PRODUCTS_DIR; };
		B30C4D251D6211CA00115704 /* Assets.xcassets */ = {isa = PBXFileReference; lastKnownFileType = folder.assetcatalog; path = Assets.xcassets; sourceTree = "<group>"; };
		B30C4D271D6211CA00115704 /* Info.plist */ = {isa = PBXFileReference; lastKnownFileType = text.plist.xml; path = Info.plist; sourceTree = "<group>"; };
		B30C4D2C1D6211CA00115704 /* MessagesExtension.appex */ = {isa = PBXFileReference; explicitFileType = "wrapper.app-extension"; includeInIndex = 0; path = MessagesExtension.appex; sourceTree = BUILT_PRODUCTS_DIR; };
		B30C4D311D6211CA00115704 /* Messages.framework */ = {isa = PBXFileReference; lastKnownFileType = wrapper.framework; name = Messages.framework; path = System/Library/Frameworks/Messages.framework; sourceTree = SDKROOT; };
		B30C4D341D6211CA00115704 /* MessagesViewController.swift */ = {isa = PBXFileReference; lastKnownFileType = sourcecode.swift; path = MessagesViewController.swift; sourceTree = "<group>"; };
		B30C4D371D6211CA00115704 /* Base */ = {isa = PBXFileReference; lastKnownFileType = file.storyboard; name = Base; path = Base.lproj/MainInterface.storyboard; sourceTree = "<group>"; };
		B30C4D391D6211CA00115704 /* Assets.xcassets */ = {isa = PBXFileReference; lastKnownFileType = folder.assetcatalog; path = Assets.xcassets; sourceTree = "<group>"; };
		B30C4D3B1D6211CA00115704 /* Info.plist */ = {isa = PBXFileReference; lastKnownFileType = text.plist.xml; path = Info.plist; sourceTree = "<group>"; };
/* End PBXFileReference section */

/* Begin PBXFrameworksBuildPhase section */
		B30C4D291D6211CA00115704 /* Frameworks */ = {
			isa = PBXFrameworksBuildPhase;
			buildActionMask = 2147483647;
			files = (
				B30C4D321D6211CA00115704 /* Messages.framework in Frameworks */,
			);
			runOnlyForDeploymentPostprocessing = 0;
		};
/* End PBXFrameworksBuildPhase section */

/* Begin PBXGroup section */
		B30C4D1B1D6211CA00115704 = {
			isa = PBXGroup;
			children = (
				B30C4D241D6211CA00115704 /* iOS10Message */,
				B30C4D331D6211CA00115704 /* MessagesExtension */,
				B30C4D301D6211CA00115704 /* Frameworks */,
				B30C4D231D6211CA00115704 /* Products */,
			);
			sourceTree = "<group>";
		};
		B30C4D231D6211CA00115704 /* Products */ = {
			isa = PBXGroup;
			children = (
				B30C4D221D6211CA00115704 /* iOS10Message.app */,
				B30C4D2C1D6211CA00115704 /* MessagesExtension.appex */,
			);
			name = Products;
			sourceTree = "<group>";
		};
		B30C4D241D6211CA00115704 /* iOS10Message */ = {
			isa = PBXGroup;
			children = (
				B30C4D251D6211CA00115704 /* Assets.xcassets */,
				B30C4D271D6211CA00115704 /* Info.plist */,
			);
			path = iOS10Message;
			sourceTree = "<group>";
		};
		B30C4D301D6211CA00115704 /* Frameworks */ = {
			isa = PBXGroup;
			children = (
				B30C4D311D6211CA00115704 /* Messages.framework */,
			);
			name = Frameworks;
			sourceTree = "<group>";
		};
		B30C4D331D6211CA00115704 /* MessagesExtension */ = {
			isa = PBXGroup;
			children = (
				B30C4D341D6211CA00115704 /* MessagesViewController.swift */,
				B30C4D361D6211CA00115704 /* MainInterface.storyboard */,
				B30C4D391D6211CA00115704 /* Assets.xcassets */,
				B30C4D3B1D6211CA00115704 /* Info.plist */,
			);
			path = MessagesExtension;
			sourceTree = "<group>";
		};
/* End PBXGroup section */

/* Begin PBXNativeTarget section */
		B30C4D211D6211CA00115704 /* iOS10Message */ = {
			isa = PBXNativeTarget;
			buildConfigurationList = B30C4D421D6211CA00115704 /* Build configuration list for PBXNativeTarget "iOS10Message" */;
			buildPhases = (
				B30C4D201D6211CA00115704 /* Resources */,
				B30C4D411D6211CA00115704 /* Embed App Extensions */,
			);
			buildRules = (
			);
			dependencies = (
				B30C4D2F1D6211CA00115704 /* PBXTargetDependency */,
			);
			name = iOS10Message;
			productName = iOS10Message;
			productReference = B30C4D221D6211CA00115704 /* iOS10Message.app */;
			productType = "com.apple.product-type.application.messages";
		};
		B30C4D2B1D6211CA00115704 /* MessagesExtension */ = {
			isa = PBXNativeTarget;
			buildConfigurationList = B30C4D3E1D6211CA00115704 /* Build configuration list for PBXNativeTarget "MessagesExtension" */;
			buildPhases = (
				B30C4D281D6211CA00115704 /* Sources */,
				B30C4D291D6211CA00115704 /* Frameworks */,
				B30C4D2A1D6211CA00115704 /* Resources */,
			);
			buildRules = (
			);
			dependencies = (
			);
			name = MessagesExtension;
			productName = MessagesExtension;
			productReference = B30C4D2C1D6211CA00115704 /* MessagesExtension.appex */;
			productType = "com.apple.product-type.app-extension.messages";
		};
/* End PBXNativeTarget section */

/* Begin PBXProject section */
		B30C4D1C1D6211CA00115704 /* Project object */ = {
			isa = PBXProject;
			attributes = {
				LastSwiftUpdateCheck = 0800;
				LastUpgradeCheck = 0800;
				ORGANIZATIONNAME = Steven;
				TargetAttributes = {
					B30C4D211D6211CA00115704 = {
						CreatedOnToolsVersion = 8.0;
						ProvisioningStyle = Automatic;
					};
					B30C4D2B1D6211CA00115704 = {
						CreatedOnToolsVersion = 8.0;
						ProvisioningStyle = Automatic;
					};
				};
			};
			buildConfigurationList = B30C4D1F1D6211CA00115704 /* Build configuration list for PBXProject "iOS10Message" */;
			compatibilityVersion = "Xcode 3.2";
			developmentRegion = English;
			hasScannedForEncodings = 0;
			knownRegions = (
				en,
				Base,
			);
			mainGroup = B30C4D1B1D6211CA00115704;
			productRefGroup = B30C4D231D6211CA00115704 /* Products */;
			projectDirPath = "";
			projectRoot = "";
			targets = (
				B30C4D211D6211CA00115704 /* iOS10Message */,
				B30C4D2B1D6211CA00115704 /* MessagesExtension */,
			);
		};
/* End PBXProject section */

/* Begin PBXResourcesBuildPhase section */
		B30C4D201D6211CA00115704 /* Resources */ = {
			isa = PBXResourcesBuildPhase;
			buildActionMask = 2147483647;
			files = (
				B30C4D261D6211CA00115704 /* Assets.xcassets in Resources */,
			);
			runOnlyForDeploymentPostprocessing = 0;
		};
		B30C4D2A1D6211CA00115704 /* Resources */ = {
			isa = PBXResourcesBuildPhase;
			buildActionMask = 2147483647;
			files = (
				B30C4D3A1D6211CA00115704 /* Assets.xcassets in Resources */,
				B30C4D381D6211CA00115704 /* MainInterface.storyboard in Resources */,
			);
			runOnlyForDeploymentPostprocessing = 0;
		};
/* End PBXResourcesBuildPhase section */

/* Begin PBXSourcesBuildPhase section */
		B30C4D281D6211CA00115704 /* Sources */ = {
			isa = PBXSourcesBuildPhase;
			buildActionMask = 2147483647;
			files = (
				B30C4D351D6211CA00115704 /* MessagesViewController.swift in Sources */,
			);
			runOnlyForDeploymentPostprocessing = 0;
		};
/* End PBXSourcesBuildPhase section */

/* Begin PBXTargetDependency section */
		B30C4D2F1D6211CA00115704 /* PBXTargetDependency */ = {
			isa = PBXTargetDependency;
			target = B30C4D2B1D6211CA00115704 /* MessagesExtension */;
			targetProxy = B30C4D2E1D6211CA00115704 /* PBXContainerItemProxy */;
		};
/* End PBXTargetDependency section */

/* Begin PBXVariantGroup section */
		B30C4D361D6211CA00115704 /* MainInterface.storyboard */ = {
			isa = PBXVariantGroup;
			children = (
				B30C4D371D6211CA00115704 /* Base */,
			);
			name = MainInterface.storyboard;
			sourceTree = "<group>";
		};
/* End PBXVariantGroup section */

/* Begin XCBuildConfiguration section */
		B30C4D3C1D6211CA00115704 /* Debug */ = {
			isa = XCBuildConfiguration;
			buildSettings = {
				ALWAYS_SEARCH_USER_PATHS = NO;
				CLANG_ANALYZER_NONNULL = YES;
				CLANG_CXX_LANGUAGE_STANDARD = "gnu++0x";
				CLANG_CXX_LIBRARY = "libc++";
				CLANG_ENABLE_MODULES = YES;
				CLANG_ENABLE_OBJC_ARC = YES;
				CLANG_WARN_BOOL_CONVERSION = YES;
				CLANG_WARN_CONSTANT_CONVERSION = YES;
				CLANG_WARN_DIRECT_OBJC_ISA_USAGE = YES_ERROR;
				CLANG_WARN_DOCUMENTATION_COMMENTS = YES;
				CLANG_WARN_EMPTY_BODY = YES;
				CLANG_WARN_ENUM_CONVERSION = YES;
				CLANG_WARN_INFINITE_RECURSION = YES;
				CLANG_WARN_INT_CONVERSION = YES;
				CLANG_WARN_OBJC_ROOT_CLASS = YES_ERROR;
				CLANG_WARN_SUSPICIOUS_MOVES = YES;
				CLANG_WARN_UNREACHABLE_CODE = YES;
				CLANG_WARN__DUPLICATE_METHOD_MATCH = YES;
				"CODE_SIGN_IDENTITY[sdk=iphoneos*]" = "iPhone Developer";
				COPY_PHASE_STRIP = NO;
				DEBUG_INFORMATION_FORMAT = dwarf;
				ENABLE_STRICT_OBJC_MSGSEND = YES;
				ENABLE_TESTABILITY = YES;
				GCC_C_LANGUAGE_STANDARD = gnu99;
				GCC_DYNAMIC_NO_PIC = NO;
				GCC_NO_COMMON_BLOCKS = YES;
				GCC_OPTIMIZATION_LEVEL = 0;
				GCC_PREPROCESSOR_DEFINITIONS = (
					"DEBUG=1",
					"$(inherited)",
				);
				GCC_WARN_64_TO_32_BIT_CONVERSION = YES;
				GCC_WARN_ABOUT_RETURN_TYPE = YES_ERROR;
				GCC_WARN_UNDECLARED_SELECTOR = YES;
				GCC_WARN_UNINITIALIZED_AUTOS = YES_AGGRESSIVE;
				GCC_WARN_UNUSED_FUNCTION = YES;
				GCC_WARN_UNUSED_VARIABLE = YES;
				IPHONEOS_DEPLOYMENT_TARGET = 10.0;
				MTL_ENABLE_DEBUG_INFO = YES;
				ONLY_ACTIVE_ARCH = YES;
				SDKROOT = iphoneos;
				SWIFT_ACTIVE_COMPILATION_CONDITIONS = DEBUG;
				SWIFT_OPTIMIZATION_LEVEL = "-Onone";
			};
			name = Debug;
		};
		B30C4D3D1D6211CA00115704 /* Release */ = {
			isa = XCBuildConfiguration;
			buildSettings = {
				ALWAYS_SEARCH_USER_PATHS = NO;
				CLANG_ANALYZER_NONNULL = YES;
				CLANG_CXX_LANGUAGE_STANDARD = "gnu++0x";
				CLANG_CXX_LIBRARY = "libc++";
				CLANG_ENABLE_MODULES = YES;
				CLANG_ENABLE_OBJC_ARC = YES;
				CLANG_WARN_BOOL_CONVERSION = YES;
				CLANG_WARN_CONSTANT_CONVERSION = YES;
				CLANG_WARN_DIRECT_OBJC_ISA_USAGE = YES_ERROR;
				CLANG_WARN_DOCUMENTATION_COMMENTS = YES;
				CLANG_WARN_EMPTY_BODY = YES;
				CLANG_WARN_ENUM_CONVERSION = YES;
				CLANG_WARN_INFINITE_RECURSION = YES;
				CLANG_WARN_INT_CONVERSION = YES;
				CLANG_WARN_OBJC_ROOT_CLASS = YES_ERROR;
				CLANG_WARN_SUSPICIOUS_MOVES = YES;
				CLANG_WARN_UNREACHABLE_CODE = YES;
				CLANG_WARN__DUPLICATE_METHOD_MATCH = YES;
				"CODE_SIGN_IDENTITY[sdk=iphoneos*]" = "iPhone Developer";
				COPY_PHASE_STRIP = NO;
				DEBUG_INFORMATION_FORMAT = "dwarf-with-dsym";
				ENABLE_NS_ASSERTIONS = NO;
				ENABLE_STRICT_OBJC_MSGSEND = YES;
				GCC_C_LANGUAGE_STANDARD = gnu99;
				GCC_NO_COMMON_BLOCKS = YES;
				GCC_WARN_64_TO_32_BIT_CONVERSION = YES;
				GCC_WARN_ABOUT_RETURN_TYPE = YES_ERROR;
				GCC_WARN_UNDECLARED_SELECTOR = YES;
				GCC_WARN_UNINITIALIZED_AUTOS = YES_AGGRESSIVE;
				GCC_WARN_UNUSED_FUNCTION = YES;
				GCC_WARN_UNUSED_VARIABLE = YES;
				IPHONEOS_DEPLOYMENT_TARGET = 10.0;
				MTL_ENABLE_DEBUG_INFO = NO;
				SDKROOT = iphoneos;
				SWIFT_OPTIMIZATION_LEVEL = "-Owholemodule";
				VALIDATE_PRODUCT = YES;
			};
			name = Release;
		};
		B30C4D3F1D6211CA00115704 /* Debug */ = {
			isa = XCBuildConfiguration;
			buildSettings = {
				ASSETCATALOG_COMPILER_APPICON_NAME = "iMessage App Icon";
				INFOPLIST_FILE = MessagesExtension/Info.plist;
				LD_RUNPATH_SEARCH_PATHS = "$(inherited) @executable_path/Frameworks @executable_path/../../Frameworks";
				PRODUCT_BUNDLE_IDENTIFIER = com.dg.cn.iOS10Message.MessagesExtension;
				PRODUCT_NAME = "$(TARGET_NAME)";
				SKIP_INSTALL = YES;
				SWIFT_VERSION = 3.0;
			};
			name = Debug;
		};
		B30C4D401D6211CA00115704 /* Release */ = {
			isa = XCBuildConfiguration;
			buildSettings = {
				ASSETCATALOG_COMPILER_APPICON_NAME = "iMessage App Icon";
				INFOPLIST_FILE = MessagesExtension/Info.plist;
				LD_RUNPATH_SEARCH_PATHS = "$(inherited) @executable_path/Frameworks @executable_path/../../Frameworks";
				PRODUCT_BUNDLE_IDENTIFIER = com.dg.cn.iOS10Message.MessagesExtension;
				PRODUCT_NAME = "$(TARGET_NAME)";
				SKIP_INSTALL = YES;
				SWIFT_VERSION = 3.0;
			};
			name = Release;
		};
		B30C4D431D6211CA00115704 /* Debug */ = {
			isa = XCBuildConfiguration;
			buildSettings = {
				ALWAYS_EMBED_SWIFT_STANDARD_LIBRARIES = YES;
				ASSETCATALOG_COMPILER_APPICON_NAME = AppIcon;
				INFOPLIST_FILE = iOS10Message/Info.plist;
				PRODUCT_BUNDLE_IDENTIFIER = com.dg.cn.iOS10Message;
				PRODUCT_NAME = "$(TARGET_NAME)";
				SWIFT_VERSION = 3.0;
				TARGETED_DEVICE_FAMILY = "1,2";
			};
			name = Debug;
		};
		B30C4D441D6211CA00115704 /* Release */ = {
			isa = XCBuildConfiguration;
			buildSettings = {
				ALWAYS_EMBED_SWIFT_STANDARD_LIBRARIES = YES;
				ASSETCATALOG_COMPILER_APPICON_NAME = AppIcon;
				INFOPLIST_FILE = iOS10Message/Info.plist;
				PRODUCT_BUNDLE_IDENTIFIER = com.dg.cn.iOS10Message;
				PRODUCT_NAME = "$(TARGET_NAME)";
				SWIFT_VERSION = 3.0;
				TARGETED_DEVICE_FAMILY = "1,2";
			};
			name = Release;
		};
/* End XCBuildConfiguration section */

/* Begin XCConfigurationList section */
		B30C4D1F1D6211CA00115704 /* Build configuration list for PBXProject "iOS10Message" */ = {
			isa = XCConfigurationList;
			buildConfigurations = (
				B30C4D3C1D6211CA00115704 /* Debug */,
				B30C4D3D1D6211CA00115704 /* Release */,
			);
			defaultConfigurationIsVisible = 0;
			defaultConfigurationName = Release;
		};
		B30C4D3E1D6211CA00115704 /* Build configuration list for PBXNativeTarget "MessagesExtension" */ = {
			isa = XCConfigurationList;
			buildConfigurations = (
				B30C4D3F1D6211CA00115704 /* Debug */,
				B30C4D401D6211CA00115704 /* Release */,
			);
			defaultConfigurationIsVisible = 0;
		};
		B30C4D421D6211CA00115704 /* Build configuration list for PBXNativeTarget "iOS10Message" */ = {
			isa = XCConfigurationList;
			buildConfigurations = (
				B30C4D431D6211CA00115704 /* Debug */,
				B30C4D441D6211CA00115704 /* Release */,
			);
			defaultConfigurationIsVisible = 0;
		};
/* End XCConfigurationList section */
	};
	rootObject = B30C4D1C1D6211CA00115704 /* Project object */;
}
